
Microsoft Visual Studio Solution File, Format Version 12.00
# Visual Studio 15
VisualStudioVersion = 15.0.27130.2036
MinimumVisualStudioVersion = 10.0.40219.1
Project("{2150E333-8FDC-42A3-9474-1A3956D46DE8}") = "Solution Items", "Solution Items", "{C5B3D854-C0F4-49AF-9762-CDC85F983C46}"
	ProjectSection(SolutionItems) = preProject
		.gitignore = .gitignore
		Enferno.Services.Contracts.Message.NetCore.nuspec = Enferno.Services.Contracts.Message.NetCore.nuspec
		Enferno.Services.Contracts.Message.nuspec = Enferno.Services.Contracts.Message.nuspec
		README.md = README.md
	EndProjectSection
EndProject
Project("{9A19103F-16F7-4668-BE54-9A1E7A4F7556}") = "Enferno.Services.Contracts.Message", "Enferno.Services.Contracts.Message\Enferno.Services.Contracts.Message.csproj", "{E19D98ED-8155-4ED5-937F-9493017742D8}"
EndProject
Project("{2150E333-8FDC-42A3-9474-1A3956D46DE8}") = "Test", "Test", "{069A9798-6980-4270-BC87-FCBB246E9048}"
EndProject
Project("{9A19103F-16F7-4668-BE54-9A1E7A4F7556}") = "Enferno.Services.Contracts.Message.Test", "Test\Enferno.Services.Contracts.Message.Test\Enferno.Services.Contracts.Message.Test.csproj", "{CC37C7FA-A1B0-4BE9-9D5D-D39FFEBBFBED}"
EndProject
Global
	GlobalSection(SolutionConfigurationPlatforms) = preSolution
		Debug|Any CPU = Debug|Any CPU
		Release|Any CPU = Release|Any CPU
		Stage|Any CPU = Stage|Any CPU
	EndGlobalSection
	GlobalSection(ProjectConfigurationPlatforms) = postSolution
		{E19D98ED-8155-4ED5-937F-9493017742D8}.Debug|Any CPU.ActiveCfg = Debug|Any CPU
		{E19D98ED-8155-4ED5-937F-9493017742D8}.Debug|Any CPU.Build.0 = Debug|Any CPU
		{E19D98ED-8155-4ED5-937F-9493017742D8}.Release|Any CPU.ActiveCfg = Release|Any CPU
		{E19D98ED-8155-4ED5-937F-9493017742D8}.Release|Any CPU.Build.0 = Release|Any CPU
		{E19D98ED-8155-4ED5-937F-9493017742D8}.Stage|Any CPU.ActiveCfg = Release|Any CPU
		{E19D98ED-8155-4ED5-937F-9493017742D8}.Stage|Any CPU.Build.0 = Release|Any CPU
		{CC37C7FA-A1B0-4BE9-9D5D-D39FFEBBFBED}.Debug|Any CPU.ActiveCfg = Debug|Any CPU
		{CC37C7FA-A1B0-4BE9-9D5D-D39FFEBBFBED}.Debug|Any CPU.Build.0 = Debug|Any CPU
		{CC37C7FA-A1B0-4BE9-9D5D-D39FFEBBFBED}.Release|Any CPU.ActiveCfg = Release|Any CPU
		{CC37C7FA-A1B0-4BE9-9D5D-D39FFEBBFBED}.Release|Any CPU.Build.0 = Release|Any CPU
		{CC37C7FA-A1B0-4BE9-9D5D-D39FFEBBFBED}.Stage|Any CPU.ActiveCfg = Release|Any CPU
		{CC37C7FA-A1B0-4BE9-9D5D-D39FFEBBFBED}.Stage|Any CPU.Build.0 = Release|Any CPU
	EndGlobalSection
	GlobalSection(SolutionProperties) = preSolution
		HideSolutionNode = FALSE
	EndGlobalSection
	GlobalSection(NestedProjects) = preSolution
		{CC37C7FA-A1B0-4BE9-9D5D-D39FFEBBFBED} = {069A9798-6980-4270-BC87-FCBB246E9048}
	EndGlobalSection
	GlobalSection(ExtensibilityGlobals) = postSolution
		SolutionGuid = {80D43333-AEF5-405B-A58A-39287D452965}
	EndGlobalSection
EndGlobal
